
Microsoft Visual Studio Solution File, Format Version 10.00
# Visual Studio 2008
# SharpDevelop 4.3
Project("{FAE04EC0-301F-11D3-BF4B-00C04F79EFBC}") = "SuecaTournamentManager", "SuecaTournamentManager.csproj", "{AE3A8F9C-6FAE-4AC2-AC2A-9DFC3F742378}"
EndProject
Global
	GlobalSection(SolutionConfigurationPlatforms) = preSolution
		Debug|Any CPU = Debug|Any CPU
		Release|Any CPU = Release|Any CPU
	EndGlobalSection
	GlobalSection(ProjectConfigurationPlatforms) = postSolution
		{AE3A8F9C-6FAE-4AC2-AC2A-9DFC3F742378}.Debug|Any CPU.Build.0 = Debug|Any CPU
		{AE3A8F9C-6FAE-4AC2-AC2A-9DFC3F742378}.Debug|Any CPU.ActiveCfg = Debug|Any CPU
		{AE3A8F9C-6FAE-4AC2-AC2A-9DFC3F742378}.Release|Any CPU.Build.0 = Release|Any CPU
		{AE3A8F9C-6FAE-4AC2-AC2A-9DFC3F742378}.Release|Any CPU.ActiveCfg = Release|Any CPU
	EndGlobalSection
EndGlobal
